
Microsoft Visual Studio Solution File, Format Version 12.00
# Visual Studio Version 17
VisualStudioVersion = 17.4.33205.214
MinimumVisualStudioVersion = 10.0.40219.1
Project("{9A19103F-16F7-4668-BE54-9A1E7A4F7556}") = "TileMapEngine", "TileMapEngine.csproj", "{464E0427-43AA-492E-A6E6-998CFE78C637}"
EndProject
Global
	GlobalSection(SolutionConfigurationPlatforms) = preSolution
		Debug|Any CPU = Debug|Any CPU
		Release|Any CPU = Release|Any CPU
	EndGlobalSection
	GlobalSection(ProjectConfigurationPlatforms) = postSolution
		{464E0427-43AA-492E-A6E6-998CFE78C637}.Debug|Any CPU.ActiveCfg = Debug|Any CPU
		{464E0427-43AA-492E-A6E6-998CFE78C637}.Debug|Any CPU.Build.0 = Debug|Any CPU
		{464E0427-43AA-492E-A6E6-998CFE78C637}.Release|Any CPU.ActiveCfg = Release|Any CPU
		{464E0427-43AA-492E-A6E6-998CFE78C637}.Release|Any CPU.Build.0 = Release|Any CPU
	EndGlobalSection
	GlobalSection(SolutionProperties) = preSolution
		HideSolutionNode = FALSE
	EndGlobalSection
	GlobalSection(ExtensibilityGlobals) = postSolution
		SolutionGuid = {3FB03062-6CFF-42B2-A96E-B5F25D17C79D}
	EndGlobalSection
EndGlobal
